
Microsoft Visual Studio Solution File, Format Version 12.00
# Visual Studio Version 17
VisualStudioVersion = 17.7.34202.233
MinimumVisualStudioVersion = 10.0.40219.1
Project("{FAE04EC0-301F-11D3-BF4B-00C04F79EFBC}") = "VisitaAoZoologico", "VisitaAoZoologico\VisitaAoZoologico.csproj", "{28EB935E-B4DD-4D1E-B135-57CA1011B775}"
EndProject
Global
	GlobalSection(SolutionConfigurationPlatforms) = preSolution
		Debug|Any CPU = Debug|Any CPU
		Release|Any CPU = Release|Any CPU
	EndGlobalSection
	GlobalSection(ProjectConfigurationPlatforms) = postSolution
		{28EB935E-B4DD-4D1E-B135-57CA1011B775}.Debug|Any CPU.ActiveCfg = Debug|Any CPU
		{28EB935E-B4DD-4D1E-B135-57CA1011B775}.Debug|Any CPU.Build.0 = Debug|Any CPU
		{28EB935E-B4DD-4D1E-B135-57CA1011B775}.Release|Any CPU.ActiveCfg = Release|Any CPU
		{28EB935E-B4DD-4D1E-B135-57CA1011B775}.Release|Any CPU.Build.0 = Release|Any CPU
	EndGlobalSection
	GlobalSection(SolutionProperties) = preSolution
		HideSolutionNode = FALSE
	EndGlobalSection
	GlobalSection(ExtensibilityGlobals) = postSolution
		SolutionGuid = {D90D8579-2962-478C-AB40-1E1B31BDBFDD}
	EndGlobalSection
EndGlobal
